
Microsoft Visual Studio Solution File, Format Version 12.00
# Visual Studio Version 17
VisualStudioVersion = 17.13.35931.197
MinimumVisualStudioVersion = 10.0.40219.1
Project("{FAE04EC0-301F-11D3-BF4B-00C04F79EFBC}") = "NextGenSchool", "NextGenSchool\NextGenSchool.csproj", "{120E3BBB-51AE-4FE8-8550-48632C77D3E2}"
EndProject
Project("{FAE04EC0-301F-11D3-BF4B-00C04F79EFBC}") = "DAL", "DAL\DAL.csproj", "{95032A79-AD9C-4C26-8120-1FE698F0E4F5}"
EndProject
Project("{FAE04EC0-301F-11D3-BF4B-00C04F79EFBC}") = "BLL", "BLL\BLL.csproj", "{45700C8D-078A-4330-8291-96E469716130}"
EndProject
Global
	GlobalSection(SolutionConfigurationPlatforms) = preSolution
		Debug|Any CPU = Debug|Any CPU
		Release|Any CPU = Release|Any CPU
	EndGlobalSection
	GlobalSection(ProjectConfigurationPlatforms) = postSolution
		{120E3BBB-51AE-4FE8-8550-48632C77D3E2}.Debug|Any CPU.ActiveCfg = Debug|Any CPU
		{120E3BBB-51AE-4FE8-8550-48632C77D3E2}.Debug|Any CPU.Build.0 = Debug|Any CPU
		{120E3BBB-51AE-4FE8-8550-48632C77D3E2}.Release|Any CPU.ActiveCfg = Release|Any CPU
		{120E3BBB-51AE-4FE8-8550-48632C77D3E2}.Release|Any CPU.Build.0 = Release|Any CPU
		{95032A79-AD9C-4C26-8120-1FE698F0E4F5}.Debug|Any CPU.ActiveCfg = Debug|Any CPU
		{95032A79-AD9C-4C26-8120-1FE698F0E4F5}.Debug|Any CPU.Build.0 = Debug|Any CPU
		{95032A79-AD9C-4C26-8120-1FE698F0E4F5}.Release|Any CPU.ActiveCfg = Release|Any CPU
		{95032A79-AD9C-4C26-8120-1FE698F0E4F5}.Release|Any CPU.Build.0 = Release|Any CPU
		{45700C8D-078A-4330-8291-96E469716130}.Debug|Any CPU.ActiveCfg = Debug|Any CPU
		{45700C8D-078A-4330-8291-96E469716130}.Debug|Any CPU.Build.0 = Debug|Any CPU
		{45700C8D-078A-4330-8291-96E469716130}.Release|Any CPU.ActiveCfg = Release|Any CPU
		{45700C8D-078A-4330-8291-96E469716130}.Release|Any CPU.Build.0 = Release|Any CPU
	EndGlobalSection
	GlobalSection(SolutionProperties) = preSolution
		HideSolutionNode = FALSE
	EndGlobalSection
	GlobalSection(ExtensibilityGlobals) = postSolution
		SolutionGuid = {E276C913-260C-44FE-908B-401C0008E2D0}
	EndGlobalSection
EndGlobal
